
Microsoft Visual Studio Solution File, Format Version 12.00
# Visual Studio Version 16
VisualStudioVersion = 16.0.30523.141
MinimumVisualStudioVersion = 10.0.40219.1
Project("{2150E333-8FDC-42A3-9474-1A3956D46DE8}") = "Services", "Services", "{BCA3DC78-3E2B-4041-A77B-72517D01B885}"
EndProject
Project("{2150E333-8FDC-42A3-9474-1A3956D46DE8}") = "Gateway", "Gateway", "{84940041-95C5-4C6E-8DC8-67D19D96D87B}"
EndProject
Project("{2150E333-8FDC-42A3-9474-1A3956D46DE8}") = "EBD", "EBD", "{FFF02FA4-AB79-46E7-AD48-0D1ECD0885D3}"
EndProject
Project("{FAE04EC0-301F-11D3-BF4B-00C04F79EFBC}") = "4Church.EBD.API", "EBD\4Church.EBD.API\4Church.EBD.API.csproj", "{90A359FD-2A62-4A28-A816-7594C21E1B9C}"
EndProject
Project("{FAE04EC0-301F-11D3-BF4B-00C04F79EFBC}") = "4Church.EBD.Domain", "EBD\4Church.EBD.Domain\4Church.EBD.Domain.csproj", "{6E902CB4-857C-47DF-B4B3-0E58B3E90F34}"
EndProject
Project("{FAE04EC0-301F-11D3-BF4B-00C04F79EFBC}") = "4Church.EBD.Data", "EBD\4Church.EBD.Data\4Church.EBD.Data.csproj", "{C0419135-3233-4EA6-A188-901BBCE669BD}"
EndProject
Project("{2150E333-8FDC-42A3-9474-1A3956D46DE8}") = "1 - API", "1 - API", "{623308D0-9433-42F4-85DF-59EB27FEF340}"
EndProject
Project("{2150E333-8FDC-42A3-9474-1A3956D46DE8}") = "2 - Domain", "2 - Domain", "{755D0C19-56FF-4AF5-A68C-F1DD4132FE6F}"
EndProject
Project("{2150E333-8FDC-42A3-9474-1A3956D46DE8}") = "3 - Data", "3 - Data", "{9BF70EC2-37A8-42A0-A38C-4E5E10B942F1}"
EndProject
Project("{2150E333-8FDC-42A3-9474-1A3956D46DE8}") = "4 - Infra", "4 - Infra", "{9093EBED-513A-4B1F-A183-E4FE51153455}"
EndProject
Project("{FAE04EC0-301F-11D3-BF4B-00C04F79EFBC}") = "4Church.EBD.Domain.Test", "..\..\test\EBD\4Church.EBD.Domain.Test\4Church.EBD.Domain.Test.csproj", "{E387500D-CEB8-4289-AC85-BB3DE463600D}"
EndProject
Global
	GlobalSection(SolutionConfigurationPlatforms) = preSolution
		Debug|Any CPU = Debug|Any CPU
		Release|Any CPU = Release|Any CPU
	EndGlobalSection
	GlobalSection(ProjectConfigurationPlatforms) = postSolution
		{90A359FD-2A62-4A28-A816-7594C21E1B9C}.Debug|Any CPU.ActiveCfg = Debug|Any CPU
		{90A359FD-2A62-4A28-A816-7594C21E1B9C}.Debug|Any CPU.Build.0 = Debug|Any CPU
		{90A359FD-2A62-4A28-A816-7594C21E1B9C}.Release|Any CPU.ActiveCfg = Release|Any CPU
		{90A359FD-2A62-4A28-A816-7594C21E1B9C}.Release|Any CPU.Build.0 = Release|Any CPU
		{6E902CB4-857C-47DF-B4B3-0E58B3E90F34}.Debug|Any CPU.ActiveCfg = Debug|Any CPU
		{6E902CB4-857C-47DF-B4B3-0E58B3E90F34}.Debug|Any CPU.Build.0 = Debug|Any CPU
		{6E902CB4-857C-47DF-B4B3-0E58B3E90F34}.Release|Any CPU.ActiveCfg = Release|Any CPU
		{6E902CB4-857C-47DF-B4B3-0E58B3E90F34}.Release|Any CPU.Build.0 = Release|Any CPU
		{C0419135-3233-4EA6-A188-901BBCE669BD}.Debug|Any CPU.ActiveCfg = Debug|Any CPU
		{C0419135-3233-4EA6-A188-901BBCE669BD}.Debug|Any CPU.Build.0 = Debug|Any CPU
		{C0419135-3233-4EA6-A188-901BBCE669BD}.Release|Any CPU.ActiveCfg = Release|Any CPU
		{C0419135-3233-4EA6-A188-901BBCE669BD}.Release|Any CPU.Build.0 = Release|Any CPU
		{E387500D-CEB8-4289-AC85-BB3DE463600D}.Debug|Any CPU.ActiveCfg = Debug|Any CPU
		{E387500D-CEB8-4289-AC85-BB3DE463600D}.Debug|Any CPU.Build.0 = Debug|Any CPU
		{E387500D-CEB8-4289-AC85-BB3DE463600D}.Release|Any CPU.ActiveCfg = Release|Any CPU
		{E387500D-CEB8-4289-AC85-BB3DE463600D}.Release|Any CPU.Build.0 = Release|Any CPU
	EndGlobalSection
	GlobalSection(SolutionProperties) = preSolution
		HideSolutionNode = FALSE
	EndGlobalSection
	GlobalSection(NestedProjects) = preSolution
		{FFF02FA4-AB79-46E7-AD48-0D1ECD0885D3} = {BCA3DC78-3E2B-4041-A77B-72517D01B885}
		{90A359FD-2A62-4A28-A816-7594C21E1B9C} = {623308D0-9433-42F4-85DF-59EB27FEF340}
		{6E902CB4-857C-47DF-B4B3-0E58B3E90F34} = {755D0C19-56FF-4AF5-A68C-F1DD4132FE6F}
		{C0419135-3233-4EA6-A188-901BBCE669BD} = {9BF70EC2-37A8-42A0-A38C-4E5E10B942F1}
		{623308D0-9433-42F4-85DF-59EB27FEF340} = {FFF02FA4-AB79-46E7-AD48-0D1ECD0885D3}
		{755D0C19-56FF-4AF5-A68C-F1DD4132FE6F} = {FFF02FA4-AB79-46E7-AD48-0D1ECD0885D3}
		{9BF70EC2-37A8-42A0-A38C-4E5E10B942F1} = {FFF02FA4-AB79-46E7-AD48-0D1ECD0885D3}
		{9093EBED-513A-4B1F-A183-E4FE51153455} = {FFF02FA4-AB79-46E7-AD48-0D1ECD0885D3}
		{E387500D-CEB8-4289-AC85-BB3DE463600D} = {755D0C19-56FF-4AF5-A68C-F1DD4132FE6F}
	EndGlobalSection
	GlobalSection(ExtensibilityGlobals) = postSolution
		SolutionGuid = {4189A483-DF01-4FEA-A5D4-B43BC1B67EB6}
	EndGlobalSection
EndGlobal
